<?xml version="1.0" encoding="utf-8"?>
<Project ToolsVersion="4.0" xmlns="http://schemas.microsoft.com/developer/msbuild/2003">
  <ItemGroup>
    <Filter Include="Source Files">
      <UniqueIdentifier>{4FC737F1-C7A5-4376-A066-2A32D752A2FF}</UniqueIdentifier>
      <Extensions>cpp;c;cc;cxx;def;odl;idl;hpj;bat;asm;asmx</Extensions>
    </Filter>
    <Filter Include="Header Files">
      <UniqueIdentifier>{93995380-89BD-4b04-88EB-625FBE52EBFB}</UniqueIdentifier>
      <Extensions>h;hh;hpp;hxx;hm;inl;inc;xsd</Extensions>
    </Filter>
    <Filter Include="Resource Files">
      <UniqueIdentifier>{67DA6AB6-F800-4c08-8B7A-83BB121AAD01}</UniqueIdentifier>
      <Extensions>rc;ico;cur;bmp;dlg;rc2;rct;bin;rgs;gif;jpg;jpeg;jpe;resx;tiff;tif;png;wav;mfcribbon-ms</Extensions>
    </Filter>
    <Filter Include="Source Files\Matrix">
      <UniqueIdentifier>{4b11e904-c560-4bd5-adeb-43f34d66eea8}</UniqueIdentifier>
    </Filter>
    <Filter Include="Header Files\Matrix">
      <UniqueIdentifier>{e16bfbc2-71d4-43cf-a26f-2378769eebf7}</UniqueIdentifier>
    </Filter>
    <Filter Include="Header Files\Vector">
      <UniqueIdentifier>{2f8e90f7-6543-4123-981f-976277120ef1}</UniqueIdentifier>
    </Filter>
    <Filter Include="Source Files\Vector">
      <UniqueIdentifier>{6b4c33b4-bc03-4046-ac38-1b3edd080aa2}</UniqueIdentifier>
    </Filter>
    <Filter Include="Header Files\TestFiles">
      <UniqueIdentifier>{c569f846-dd26-4919-944e-ac2ab9fe70aa}</UniqueIdentifier>
    </Filter>
    <Filter Include="Source Files\TestFiles">
      <UniqueIdentifier>{afa6493c-f6da-4775-9d80-0e9f6dcdf459}</UniqueIdentifier>
    </Filter>
  </ItemGroup>
  <ItemGroup>
    <ClInclude Include="Math2D.h">
      <Filter>Header Files</Filter>
    </ClInclude>
    <ClInclude Include="Matrix3x3.h">
      <Filter>Header Files\Matrix</Filter>
    </ClInclude>
    <ClInclude Include="Matrix.h">
      <Filter>Header Files\Matrix</Filter>
    </ClInclude>
    <ClInclude Include="Matrix2x2.h">
      <Filter>Header Files\Matrix</Filter>
    </ClInclude>
    <ClInclude Include="Vector2D.h">
      <Filter>Header Files\Vector</Filter>
    </ClInclude>
    <ClInclude Include="Vector3D.h">
      <Filter>Header Files\Vector</Filter>
    </ClInclude>
    <ClInclude Include="Matrix4x4.h">
      <Filter>Header Files\Matrix</Filter>
    </ClInclude>
    <ClInclude Include="Mesh.h">
      <Filter>Header Files</Filter>
    </ClInclude>
    <ClInclude Include="FrameRateController.h">
      <Filter>Header Files</Filter>
    </ClInclude>
    <ClInclude Include="GameState.h">
      <Filter>Header Files</Filter>
    </ClInclude>
    <ClInclude Include="LineSegment2D.h">
      <Filter>Header Files</Filter>
    </ClInclude>
    <ClInclude Include="TESTFILES\Client.h">
      <Filter>Header Files\TestFiles</Filter>
    </ClInclude>
    <ClInclude Include="TESTFILES\Mesh3D.h">
      <Filter>Header Files\TestFiles</Filter>
    </ClInclude>
    <ClInclude Include="TESTFILES\Plane.h">
      <Filter>Header Files\TestFiles</Filter>
    </ClInclude>
    <ClInclude Include="TESTFILES\Sphere.h">
      <Filter>Header Files\TestFiles</Filter>
    </ClInclude>
    <ClInclude Include="TESTFILES\Torus.h">
      <Filter>Header Files\TestFiles</Filter>
    </ClInclude>
  </ItemGroup>
  <ItemGroup>
    <ClCompile Include="main.cpp">
      <Filter>Source Files</Filter>
    </ClCompile>
    <ClCompile Include="Math2D.cpp">
      <Filter>Source Files</Filter>
    </ClCompile>
    <ClCompile Include="Matrix3x3.cpp">
      <Filter>Source Files\Matrix</Filter>
    </ClCompile>
    <ClCompile Include="Matrix.cpp">
      <Filter>Source Files\Matrix</Filter>
    </ClCompile>
    <ClCompile Include="Matrix2x2.cpp">
      <Filter>Source Files\Matrix</Filter>
    </ClCompile>
    <ClCompile Include="Vector2D.cpp">
      <Filter>Source Files\Vector</Filter>
    </ClCompile>
    <ClCompile Include="Vector3D.cpp">
      <Filter>Source Files\Vector</Filter>
    </ClCompile>
    <ClCompile Include="Matrix4x4.cpp">
      <Filter>Source Files\Matrix</Filter>
    </ClCompile>
    <ClCompile Include="Mesh.cpp">
      <Filter>Source Files</Filter>
    </ClCompile>
    <ClCompile Include="FrameRateController.cpp">
      <Filter>Source Files</Filter>
    </ClCompile>
    <ClCompile Include="LineSegment2D.cpp">
      <Filter>Source Files</Filter>
    </ClCompile>
    <ClCompile Include="TESTFILES\Client.cpp">
      <Filter>Source Files\TestFiles</Filter>
    </ClCompile>
    <ClCompile Include="TESTFILES\Plane.cpp">
      <Filter>Source Files\TestFiles</Filter>
    </ClCompile>
    <ClCompile Include="TESTFILES\Sphere.cpp">
      <Filter>Source Files\TestFiles</Filter>
    </ClCompile>
    <ClCompile Include="TESTFILES\Torus.cpp">
      <Filter>Source Files\TestFiles</Filter>
    </ClCompile>
  </ItemGroup>
</Project>