<?xml version="1.0" encoding="utf-8"?>
<Project ToolsVersion="4.0" xmlns="http://schemas.microsoft.com/developer/msbuild/2003">
  <ItemGroup>
    <Filter Include="Source Files">
      <UniqueIdentifier>{4FC737F1-C7A5-4376-A066-2A32D752A2FF}</UniqueIdentifier>
      <Extensions>cpp;c;cc;cxx;def;odl;idl;hpj;bat;asm;asmx</Extensions>
    </Filter>
    <Filter Include="Header Files">
      <UniqueIdentifier>{93995380-89BD-4b04-88EB-625FBE52EBFB}</UniqueIdentifier>
      <Extensions>h;hh;hpp;hxx;hm;inl;inc;xsd</Extensions>
    </Filter>
    <Filter Include="Resource Files">
      <UniqueIdentifier>{67DA6AB6-F800-4c08-8B7A-83BB121AAD01}</UniqueIdentifier>
      <Extensions>rc;ico;cur;bmp;dlg;rc2;rct;bin;rgs;gif;jpg;jpeg;jpe;resx;tiff;tif;png;wav;mfcribbon-ms</Extensions>
    </Filter>
    <Filter Include="Header Files\GameObject">
      <UniqueIdentifier>{b2652063-95c1-476e-b939-acde62ab0dab}</UniqueIdentifier>
    </Filter>
    <Filter Include="Source Files\GameObject">
      <UniqueIdentifier>{f6324fa6-841c-4d9a-ac74-e9950fb8ba2e}</UniqueIdentifier>
    </Filter>
    <Filter Include="Source Files\Managers">
      <UniqueIdentifier>{9b133023-29dc-4b5c-b438-3c773cd724a0}</UniqueIdentifier>
    </Filter>
    <Filter Include="Header Files\Managers">
      <UniqueIdentifier>{07848937-7fe2-4fe8-8851-38415aaef99f}</UniqueIdentifier>
    </Filter>
    <Filter Include="Header Files\Math">
      <UniqueIdentifier>{dfe12d2c-35cf-48bc-9584-0bd98d53dca1}</UniqueIdentifier>
    </Filter>
    <Filter Include="Header Files\Math\Matrix">
      <UniqueIdentifier>{e16bfbc2-71d4-43cf-a26f-2378769eebf7}</UniqueIdentifier>
    </Filter>
    <Filter Include="Header Files\Math\Vector">
      <UniqueIdentifier>{2f8e90f7-6543-4123-981f-976277120ef1}</UniqueIdentifier>
    </Filter>
    <Filter Include="Source Files\Math">
      <UniqueIdentifier>{808d0a37-dde5-4136-811d-0284d8688be9}</UniqueIdentifier>
    </Filter>
    <Filter Include="Source Files\Math\Vector">
      <UniqueIdentifier>{6b4c33b4-bc03-4046-ac38-1b3edd080aa2}</UniqueIdentifier>
    </Filter>
    <Filter Include="Source Files\Math\Matrix">
      <UniqueIdentifier>{4b11e904-c560-4bd5-adeb-43f34d66eea8}</UniqueIdentifier>
    </Filter>
    <Filter Include="Header Files\Shaders">
      <UniqueIdentifier>{60fe1da4-5a9c-40a0-916f-a356051a6576}</UniqueIdentifier>
    </Filter>
    <Filter Include="Source Files\Shaders">
      <UniqueIdentifier>{4031c3cd-74b7-4418-ba25-d36038cffefa}</UniqueIdentifier>
    </Filter>
    <Filter Include="Source Files\TEST_FILES">
      <UniqueIdentifier>{8d052b99-facf-4304-b0df-2658766c5afc}</UniqueIdentifier>
    </Filter>
    <Filter Include="Header Files\TEST_FILES">
      <UniqueIdentifier>{9019f753-3cdf-474e-9622-f03f99e90fe4}</UniqueIdentifier>
    </Filter>
    <Filter Include="Header Files\Components">
      <UniqueIdentifier>{5d29bcbf-2d36-4ccf-b875-49e236d2d072}</UniqueIdentifier>
    </Filter>
    <Filter Include="Source Files\Components">
      <UniqueIdentifier>{c724e878-1173-4079-bfa4-3f79b158165e}</UniqueIdentifier>
    </Filter>
    <Filter Include="External Libraries">
      <UniqueIdentifier>{e7531623-1cf6-41db-b76d-5ddbf65ffcde}</UniqueIdentifier>
    </Filter>
    <Filter Include="Header Files\Events">
      <UniqueIdentifier>{319b468a-5dfa-4db7-9199-f3232ad3ce34}</UniqueIdentifier>
    </Filter>
    <Filter Include="Source Files\Events">
      <UniqueIdentifier>{15f2c266-6aca-4586-a3e3-f736c17ac2c1}</UniqueIdentifier>
    </Filter>
    <Filter Include="Source Files\TEST_FILES\Json">
      <UniqueIdentifier>{7fa5cb91-9ce0-49db-9cc2-778267d6c6b3}</UniqueIdentifier>
    </Filter>
    <Filter Include="Source Files\TEST_FILES\Shaders">
      <UniqueIdentifier>{bafc42fe-f81e-49d6-8a93-e8a305db5534}</UniqueIdentifier>
    </Filter>
    <Filter Include="Source Files\TEST_FILES\Json\Objects">
      <UniqueIdentifier>{113e7354-c2dd-41d1-818f-e817d4ded7c2}</UniqueIdentifier>
    </Filter>
    <Filter Include="Source Files\TEST_FILES\Json\Shaders">
      <UniqueIdentifier>{8359604e-45af-41ec-b557-50aa04dc4758}</UniqueIdentifier>
    </Filter>
    <Filter Include="Source Files\TEST_FILES\Json\Levels">
      <UniqueIdentifier>{600f41bd-63da-4e2b-810c-880b0e949eae}</UniqueIdentifier>
    </Filter>
    <Filter Include="Source Files\TEST_FILES\Json\UI">
      <UniqueIdentifier>{06400129-3c82-4294-a293-d981935ab999}</UniqueIdentifier>
    </Filter>
    <Filter Include="Header Files\Components\AI">
      <UniqueIdentifier>{2d313442-1a53-4802-b12e-c0c9fc6c10be}</UniqueIdentifier>
    </Filter>
    <Filter Include="Header Files\Components\UI">
      <UniqueIdentifier>{8a7d9d4b-e95e-4502-9bb1-ef5a68ab481f}</UniqueIdentifier>
    </Filter>
    <Filter Include="Header Files\Components\Weapon">
      <UniqueIdentifier>{6f96e5b3-f636-40b1-83ff-a5613e92e387}</UniqueIdentifier>
    </Filter>
    <Filter Include="Header Files\Components\Rendering">
      <UniqueIdentifier>{3c36f3e1-cf67-4015-8954-b739570f1e3a}</UniqueIdentifier>
    </Filter>
    <Filter Include="Source Files\Components\AI">
      <UniqueIdentifier>{f3ef99a1-5dfe-418b-ac64-939cb6a7d29c}</UniqueIdentifier>
    </Filter>
    <Filter Include="Source Files\Components\Rendering">
      <UniqueIdentifier>{26af0602-a25f-4dcf-b221-3e566aadb883}</UniqueIdentifier>
    </Filter>
    <Filter Include="Source Files\Components\Weapon">
      <UniqueIdentifier>{35bc7d75-aa47-40ac-b74e-701c37108a68}</UniqueIdentifier>
    </Filter>
    <Filter Include="Source Files\Components\UI">
      <UniqueIdentifier>{051d49ce-9776-4a5a-a5ef-2c35aa88b730}</UniqueIdentifier>
    </Filter>
    <Filter Include="Header Files\Components\Physics">
      <UniqueIdentifier>{198cd394-1ec7-46a7-ab60-41d86a19b376}</UniqueIdentifier>
    </Filter>
    <Filter Include="Source Files\Components\Physics">
      <UniqueIdentifier>{d30d4cd6-f8ee-424c-99ad-8804bd4cb1c9}</UniqueIdentifier>
    </Filter>
    <Filter Include="Source Files\TEST_FILES\Json\Objects\Static">
      <UniqueIdentifier>{d0c01779-e610-4ad4-b384-3146062736ec}</UniqueIdentifier>
    </Filter>
    <Filter Include="Source Files\TEST_FILES\Json\Objects\Projectile">
      <UniqueIdentifier>{a2a7580e-1146-4a97-b27c-87650c2363e8}</UniqueIdentifier>
    </Filter>
  </ItemGroup>
  <ItemGroup>
    <ClInclude Include="Matrix3x3.h">
      <Filter>Header Files\Math\Matrix</Filter>
    </ClInclude>
    <ClInclude Include="Matrix.h">
      <Filter>Header Files\Math\Matrix</Filter>
    </ClInclude>
    <ClInclude Include="Matrix2x2.h">
      <Filter>Header Files\Math\Matrix</Filter>
    </ClInclude>
    <ClInclude Include="Vector2D.h">
      <Filter>Header Files\Math\Vector</Filter>
    </ClInclude>
    <ClInclude Include="Vector3D.h">
      <Filter>Header Files\Math\Vector</Filter>
    </ClInclude>
    <ClInclude Include="Matrix4x4.h">
      <Filter>Header Files\Math\Matrix</Filter>
    </ClInclude>
    <ClInclude Include="GameObject.h">
      <Filter>Header Files\GameObject</Filter>
    </ClInclude>
    <ClInclude Include="FrameRateController.h">
      <Filter>Header Files\Managers</Filter>
    </ClInclude>
    <ClInclude Include="WindowManager.h">
      <Filter>Header Files\Managers</Filter>
    </ClInclude>
    <ClInclude Include="ResourceManager.h">
      <Filter>Header Files\Managers</Filter>
    </ClInclude>
    <ClInclude Include="InputManager.h">
      <Filter>Header Files\Managers</Filter>
    </ClInclude>
    <ClInclude Include="AcrylicorTypedefs.h">
      <Filter>Header Files</Filter>
    </ClInclude>
    <ClInclude Include="Math2D.h">
      <Filter>Header Files\Math</Filter>
    </ClInclude>
    <ClInclude Include="LineSegment2D.h">
      <Filter>Header Files\Math</Filter>
    </ClInclude>
    <ClInclude Include="Mesh.h">
      <Filter>Header Files\GameObject</Filter>
    </ClInclude>
    <ClInclude Include="Shader.h">
      <Filter>Header Files\Shaders</Filter>
    </ClInclude>
    <ClInclude Include="ShaderProgram.h">
      <Filter>Header Files\Shaders</Filter>
    </ClInclude>
    <ClInclude Include="Component.h">
      <Filter>Header Files\Components</Filter>
    </ClInclude>
    <ClInclude Include="TransformComponent.h">
      <Filter>Header Files\Components</Filter>
    </ClInclude>
    <ClInclude Include="GameObjectManager.h">
      <Filter>Header Files\Managers</Filter>
    </ClInclude>
    <ClInclude Include="RenderManager.h">
      <Filter>Header Files\Managers</Filter>
    </ClInclude>
    <ClInclude Include="ComponentTypes.h">
      <Filter>Header Files\Components</Filter>
    </ClInclude>
    <ClInclude Include="ControllerComponent.h">
      <Filter>Header Files\Components</Filter>
    </ClInclude>
    <ClInclude Include="EventManager.h">
      <Filter>Header Files\Managers</Filter>
    </ClInclude>
    <ClInclude Include="AcrylicorAPI.h">
      <Filter>Header Files</Filter>
    </ClInclude>
    <ClInclude Include="IGameState.h">
      <Filter>Header Files</Filter>
    </ClInclude>
    <ClInclude Include="TestGameState.h">
      <Filter>Header Files\TEST_FILES</Filter>
    </ClInclude>
    <ClInclude Include="AcryEvent.h">
      <Filter>Header Files\Events</Filter>
    </ClInclude>
    <ClInclude Include="GameObjectFactory.h">
      <Filter>Header Files\GameObject</Filter>
    </ClInclude>
    <ClInclude Include="json.hpp">
      <Filter>External Libraries</Filter>
    </ClInclude>
    <ClInclude Include="stb_image.h">
      <Filter>External Libraries</Filter>
    </ClInclude>
    <ClInclude Include="PhysicsManager.h">
      <Filter>Header Files\Managers</Filter>
    </ClInclude>
    <ClInclude Include="JsonReader.h">
      <Filter>Header Files</Filter>
    </ClInclude>
    <ClInclude Include="KeyPressEvent.h">
      <Filter>Header Files\Events</Filter>
    </ClInclude>
    <ClInclude Include="STBSurface.h">
      <Filter>Header Files\GameObject</Filter>
    </ClInclude>
    <ClInclude Include="CameraComponent.h">
      <Filter>Header Files\Components</Filter>
    </ClInclude>
    <ClInclude Include="PhysicsBody.h">
      <Filter>Header Files\GameObject</Filter>
    </ClInclude>
    <ClInclude Include="Math3D.h">
      <Filter>Header Files\Math</Filter>
    </ClInclude>
    <ClInclude Include="LineSegment3D.h">
      <Filter>Header Files\Math</Filter>
    </ClInclude>
    <ClInclude Include="AcryDebugLine.h">
      <Filter>Header Files\GameObject</Filter>
    </ClInclude>
    <ClInclude Include="CollideEvent.h">
      <Filter>Header Files\Events</Filter>
    </ClInclude>
    <ClInclude Include="Contact.h">
      <Filter>Header Files\GameObject</Filter>
    </ClInclude>
    <ClInclude Include="HealthComponent.h">
      <Filter>Header Files\Components</Filter>
    </ClInclude>
    <ClInclude Include="DamageEvent.h">
      <Filter>Header Files\Events</Filter>
    </ClInclude>
    <ClInclude Include="DamageComponent.h">
      <Filter>Header Files\Components</Filter>
    </ClInclude>
    <ClInclude Include="LifeChangeEvent.h">
      <Filter>Header Files\Events</Filter>
    </ClInclude>
    <ClInclude Include="SpawnerComponent.h">
      <Filter>Header Files\Components</Filter>
    </ClInclude>
    <ClInclude Include="CollideKillZoneEvent.h">
      <Filter>Header Files\Events</Filter>
    </ClInclude>
    <ClInclude Include="Rect3D.h">
      <Filter>Header Files\Math</Filter>
    </ClInclude>
    <ClInclude Include="AIRushComponent.h">
      <Filter>Header Files\Components\AI</Filter>
    </ClInclude>
    <ClInclude Include="AISwayComponent.h">
      <Filter>Header Files\Components\AI</Filter>
    </ClInclude>
    <ClInclude Include="UI_LivesComponent.h">
      <Filter>Header Files\Components\UI</Filter>
    </ClInclude>
    <ClInclude Include="MissileLauncherComponent.h">
      <Filter>Header Files\Components\Weapon</Filter>
    </ClInclude>
    <ClInclude Include="WeaponComponent.h">
      <Filter>Header Files\Components\Weapon</Filter>
    </ClInclude>
    <ClInclude Include="ScrollingSpriteComponent.h">
      <Filter>Header Files\Components\Rendering</Filter>
    </ClInclude>
    <ClInclude Include="SpriteComponent.h">
      <Filter>Header Files\Components\Rendering</Filter>
    </ClInclude>
    <ClInclude Include="TextComponent.h">
      <Filter>Header Files\Components\Rendering</Filter>
    </ClInclude>
    <ClInclude Include="PhysicsComponent.h">
      <Filter>Header Files\Components\Physics</Filter>
    </ClInclude>
    <ClInclude Include="KillZoneComponent.h">
      <Filter>Header Files\Components\Physics</Filter>
    </ClInclude>
    <ClInclude Include="UI_MissilesComponent.h">
      <Filter>Header Files\Components\UI</Filter>
    </ClInclude>
    <ClInclude Include="MissileCountChangeEvent.h">
      <Filter>Header Files\Events</Filter>
    </ClInclude>
    <ClInclude Include="DataChangeEvent.h">
      <Filter>Header Files\Events</Filter>
    </ClInclude>
    <ClInclude Include="CollisionResult.h">
      <Filter>Header Files\GameObject</Filter>
    </ClInclude>
    <ClInclude Include="AISeekComponent.h">
      <Filter>Header Files\Components\AI</Filter>
    </ClInclude>
    <ClInclude Include="Tags.h">
      <Filter>Header Files</Filter>
    </ClInclude>
    <ClInclude Include="UI_ScoreComponent.h">
      <Filter>Header Files\Components\UI</Filter>
    </ClInclude>
    <ClInclude Include="GODestroyedEvent.h">
      <Filter>Header Files\Events</Filter>
    </ClInclude>
    <ClInclude Include="DashComponent.h">
      <Filter>Header Files\Components</Filter>
    </ClInclude>
    <ClInclude Include="UI_EnergyComponent.h">
      <Filter>Header Files\Components\UI</Filter>
    </ClInclude>
    <ClInclude Include="EnergyComponent.h">
      <Filter>Header Files\Components</Filter>
    </ClInclude>
    <ClInclude Include="ReflectEvent.h">
      <Filter>Header Files\Events</Filter>
    </ClInclude>
    <ClInclude Include="PushFromBodyEvent.h">
      <Filter>Header Files\Events</Filter>
    </ClInclude>
    <ClInclude Include="AIAreaOfSightComponent.h">
      <Filter>Header Files\Components\AI</Filter>
    </ClInclude>
    <ClInclude Include="TargetFoundEvent.h">
      <Filter>Header Files</Filter>
    </ClInclude>
  </ItemGroup>
  <ItemGroup>
    <ClCompile Include="Matrix3x3.cpp">
      <Filter>Source Files\Math\Matrix</Filter>
    </ClCompile>
    <ClCompile Include="Matrix.cpp">
      <Filter>Source Files\Math\Matrix</Filter>
    </ClCompile>
    <ClCompile Include="Matrix2x2.cpp">
      <Filter>Source Files\Math\Matrix</Filter>
    </ClCompile>
    <ClCompile Include="Vector2D.cpp">
      <Filter>Source Files\Math\Vector</Filter>
    </ClCompile>
    <ClCompile Include="Vector3D.cpp">
      <Filter>Source Files\Math\Vector</Filter>
    </ClCompile>
    <ClCompile Include="Matrix4x4.cpp">
      <Filter>Source Files\Math\Matrix</Filter>
    </ClCompile>
    <ClCompile Include="GameObject.cpp">
      <Filter>Source Files\GameObject</Filter>
    </ClCompile>
    <ClCompile Include="WindowManager.cpp">
      <Filter>Source Files\Managers</Filter>
    </ClCompile>
    <ClCompile Include="FrameRateController.cpp">
      <Filter>Source Files\Managers</Filter>
    </ClCompile>
    <ClCompile Include="InputManager.cpp">
      <Filter>Source Files\Managers</Filter>
    </ClCompile>
    <ClCompile Include="ResourceManager.cpp">
      <Filter>Source Files\Managers</Filter>
    </ClCompile>
    <ClCompile Include="Math2D.cpp">
      <Filter>Source Files\Math</Filter>
    </ClCompile>
    <ClCompile Include="LineSegment2D.cpp">
      <Filter>Source Files\Math</Filter>
    </ClCompile>
    <ClCompile Include="Mesh.cpp">
      <Filter>Source Files\GameObject</Filter>
    </ClCompile>
    <ClCompile Include="Shader.cpp">
      <Filter>Source Files\Shaders</Filter>
    </ClCompile>
    <ClCompile Include="ShaderProgram.cpp">
      <Filter>Source Files\Shaders</Filter>
    </ClCompile>
    <ClCompile Include="TransformComponent.cpp">
      <Filter>Source Files\Components</Filter>
    </ClCompile>
    <ClCompile Include="GameObjectManager.cpp">
      <Filter>Source Files\Managers</Filter>
    </ClCompile>
    <ClCompile Include="RenderManager.cpp">
      <Filter>Source Files\Managers</Filter>
    </ClCompile>
    <ClCompile Include="ControllerComponent.cpp">
      <Filter>Source Files\Components</Filter>
    </ClCompile>
    <ClCompile Include="EventManager.cpp">
      <Filter>Source Files\Managers</Filter>
    </ClCompile>
    <ClCompile Include="AcrylicorAPI.cpp">
      <Filter>Source Files</Filter>
    </ClCompile>
    <ClCompile Include="TestGameState.cpp">
      <Filter>Source Files\TEST_FILES</Filter>
    </ClCompile>
    <ClCompile Include="AcryEvent.cpp">
      <Filter>Source Files\Events</Filter>
    </ClCompile>
    <ClCompile Include="main.cpp">
      <Filter>Source Files\TEST_FILES</Filter>
    </ClCompile>
    <ClCompile Include="GameObjectFactory.cpp">
      <Filter>Source Files\GameObject</Filter>
    </ClCompile>
    <ClCompile Include="PhysicsManager.cpp">
      <Filter>Source Files\Managers</Filter>
    </ClCompile>
    <ClCompile Include="JsonReader.cpp">
      <Filter>Source Files</Filter>
    </ClCompile>
    <ClCompile Include="KeyPressEvent.cpp">
      <Filter>Source Files\Events</Filter>
    </ClCompile>
    <ClCompile Include="CameraComponent.cpp">
      <Filter>Source Files\Components</Filter>
    </ClCompile>
    <ClCompile Include="PhysicsBody.cpp">
      <Filter>Source Files\GameObject</Filter>
    </ClCompile>
    <ClCompile Include="Math3D.cpp">
      <Filter>Source Files\Math</Filter>
    </ClCompile>
    <ClCompile Include="LineSegment3D.cpp">
      <Filter>Source Files\Math</Filter>
    </ClCompile>
    <ClCompile Include="AcryDebugLine.cpp">
      <Filter>Source Files\GameObject</Filter>
    </ClCompile>
    <ClCompile Include="CollideEvent.cpp">
      <Filter>Source Files\Events</Filter>
    </ClCompile>
    <ClCompile Include="HealthComponent.cpp">
      <Filter>Source Files\Components</Filter>
    </ClCompile>
    <ClCompile Include="DamageEvent.cpp">
      <Filter>Source Files\Events</Filter>
    </ClCompile>
    <ClCompile Include="DamageComponent.cpp">
      <Filter>Source Files\Components</Filter>
    </ClCompile>
    <ClCompile Include="LifeChangeEvent.cpp">
      <Filter>Source Files\Events</Filter>
    </ClCompile>
    <ClCompile Include="SpawnerComponent.cpp">
      <Filter>Source Files\Components</Filter>
    </ClCompile>
    <ClCompile Include="Component.cpp">
      <Filter>Source Files\Components</Filter>
    </ClCompile>
    <ClCompile Include="CollideKillZoneEvent.cpp">
      <Filter>Source Files\Events</Filter>
    </ClCompile>
    <ClCompile Include="Rect3D.cpp">
      <Filter>Source Files\Math</Filter>
    </ClCompile>
    <ClCompile Include="AIRushComponent.cpp">
      <Filter>Source Files\Components\AI</Filter>
    </ClCompile>
    <ClCompile Include="AISwayComponent.cpp">
      <Filter>Source Files\Components\AI</Filter>
    </ClCompile>
    <ClCompile Include="UI_LivesComponent.cpp">
      <Filter>Source Files\Components\UI</Filter>
    </ClCompile>
    <ClCompile Include="WeaponComponent.cpp">
      <Filter>Source Files\Components\Weapon</Filter>
    </ClCompile>
    <ClCompile Include="MissileLauncherComponent.cpp">
      <Filter>Source Files\Components\Weapon</Filter>
    </ClCompile>
    <ClCompile Include="TextComponent.cpp">
      <Filter>Source Files\Components\Rendering</Filter>
    </ClCompile>
    <ClCompile Include="SpriteComponent.cpp">
      <Filter>Source Files\Components\Rendering</Filter>
    </ClCompile>
    <ClCompile Include="ScrollingSpriteComponent.cpp">
      <Filter>Source Files\Components\Rendering</Filter>
    </ClCompile>
    <ClCompile Include="PhysicsComponent.cpp">
      <Filter>Source Files\Components\Physics</Filter>
    </ClCompile>
    <ClCompile Include="KillZoneComponent.cpp">
      <Filter>Source Files\Components\Physics</Filter>
    </ClCompile>
    <ClCompile Include="UI_MissilesComponent.cpp">
      <Filter>Source Files\Components\UI</Filter>
    </ClCompile>
    <ClCompile Include="DataChangeEvent.cpp">
      <Filter>Source Files\Events</Filter>
    </ClCompile>
    <ClCompile Include="MissileCountChangeEvent.cpp">
      <Filter>Source Files\Events</Filter>
    </ClCompile>
    <ClCompile Include="AISeekComponent.cpp">
      <Filter>Source Files\Components\AI</Filter>
    </ClCompile>
    <ClCompile Include="Tags.cpp">
      <Filter>Source Files</Filter>
    </ClCompile>
    <ClCompile Include="UI_ScoreComponent.cpp">
      <Filter>Source Files\Components\UI</Filter>
    </ClCompile>
    <ClCompile Include="GODestroyedEvent.cpp">
      <Filter>Source Files\Events</Filter>
    </ClCompile>
    <ClCompile Include="DashComponent.cpp">
      <Filter>Source Files\Components</Filter>
    </ClCompile>
    <ClCompile Include="UI_EnergyComponent.cpp">
      <Filter>Source Files\Components\UI</Filter>
    </ClCompile>
    <ClCompile Include="EnergyComponent.cpp">
      <Filter>Source Files\Components</Filter>
    </ClCompile>
    <ClCompile Include="ReflectEvent.cpp">
      <Filter>Source Files\Events</Filter>
    </ClCompile>
    <ClCompile Include="PushFromBodyEvent.cpp">
      <Filter>Source Files\Events</Filter>
    </ClCompile>
    <ClCompile Include="AIAreaOfSightComponent.cpp">
      <Filter>Source Files\Components\AI</Filter>
    </ClCompile>
    <ClCompile Include="TargetFoundEvent.cpp">
      <Filter>Source Files</Filter>
    </ClCompile>
  </ItemGroup>
  <ItemGroup>
    <None Include="ObjectFiles\config.json">
      <Filter>Source Files\TEST_FILES\Json</Filter>
    </None>
    <None Include="ObjectFiles\objects.json">
      <Filter>Source Files\TEST_FILES\Json</Filter>
    </None>
    <None Include="ObjectFiles\textures.json">
      <Filter>Source Files\TEST_FILES\Json</Filter>
    </None>
    <None Include="Shaders\defaultFragShader.frag">
      <Filter>Source Files\TEST_FILES\Shaders</Filter>
    </None>
    <None Include="Shaders\defaultVertShader.vert">
      <Filter>Source Files\TEST_FILES\Shaders</Filter>
    </None>
    <None Include="Shaders\tileVertShader.vert">
      <Filter>Source Files\TEST_FILES\Shaders</Filter>
    </None>
    <None Include="Shaders\tileFragShader.frag">
      <Filter>Source Files\TEST_FILES\Shaders</Filter>
    </None>
    <None Include="Shaders\scrollingTileFragShader.frag">
      <Filter>Source Files\TEST_FILES\Shaders</Filter>
    </None>
    <None Include="Shaders\scrollingTileVertShader.vert">
      <Filter>Source Files\TEST_FILES\Shaders</Filter>
    </None>
    <None Include="ObjectFiles\enemy.json">
      <Filter>Source Files\TEST_FILES\Json\Objects</Filter>
    </None>
    <None Include="ObjectFiles\player.json">
      <Filter>Source Files\TEST_FILES\Json\Objects</Filter>
    </None>
    <None Include="ObjectFiles\defaultShader.json">
      <Filter>Source Files\TEST_FILES\Json\Shaders</Filter>
    </None>
    <None Include="ObjectFiles\scrollingTileShader.json">
      <Filter>Source Files\TEST_FILES\Json\Shaders</Filter>
    </None>
    <None Include="ObjectFiles\tileShader.json">
      <Filter>Source Files\TEST_FILES\Json\Shaders</Filter>
    </None>
    <None Include="LevelFiles\level1.json">
      <Filter>Source Files\TEST_FILES\Json\Levels</Filter>
    </None>
    <None Include="ObjectFiles\drone.json">
      <Filter>Source Files\TEST_FILES\Json\Objects</Filter>
    </None>
    <None Include="Shaders\lineShader.frag">
      <Filter>Source Files\TEST_FILES\Shaders</Filter>
    </None>
    <None Include="Shaders\lineShader.vert">
      <Filter>Source Files\TEST_FILES\Shaders</Filter>
    </None>
    <None Include="ObjectFiles\lineShader.json">
      <Filter>Source Files\TEST_FILES\Json\Shaders</Filter>
    </None>
    <None Include="ObjectFiles\playerDrone.json">
      <Filter>Source Files\TEST_FILES\Json\Objects</Filter>
    </None>
    <None Include="ObjectFiles\playerSpawner.json">
      <Filter>Source Files\TEST_FILES\Json\Objects</Filter>
    </None>
    <None Include="LevelFiles\testLevel.json">
      <Filter>Source Files\TEST_FILES\Json\Levels</Filter>
    </None>
    <None Include="ObjectFiles\UI\UI_missiles.json">
      <Filter>Source Files\TEST_FILES\Json\UI</Filter>
    </None>
    <None Include="ObjectFiles\UI\UI_score.json">
      <Filter>Source Files\TEST_FILES\Json\UI</Filter>
    </None>
    <None Include="ObjectFiles\UI\HUD.json">
      <Filter>Source Files\TEST_FILES\Json\UI</Filter>
    </None>
    <None Include="ObjectFiles\UI\UI_lives.json">
      <Filter>Source Files\TEST_FILES\Json\UI</Filter>
    </None>
    <None Include="ObjectFiles\UI\UI_energy.json">
      <Filter>Source Files\TEST_FILES\Json\UI</Filter>
    </None>
    <None Include="ObjectFiles\background.json">
      <Filter>Source Files\TEST_FILES\Json\Objects\Static</Filter>
    </None>
    <None Include="ObjectFiles\boundaryBox.json">
      <Filter>Source Files\TEST_FILES\Json\Objects\Static</Filter>
    </None>
    <None Include="ObjectFiles\camera.json">
      <Filter>Source Files\TEST_FILES\Json\Objects\Static</Filter>
    </None>
    <None Include="ObjectFiles\killZone.json">
      <Filter>Source Files\TEST_FILES\Json\Objects\Static</Filter>
    </None>
    <None Include="ObjectFiles\bullets\bullet.json">
      <Filter>Source Files\TEST_FILES\Json\Objects\Projectile</Filter>
    </None>
    <None Include="ObjectFiles\bullets\missile.json">
      <Filter>Source Files\TEST_FILES\Json\Objects\Projectile</Filter>
    </None>
    <None Include="ObjectFiles\missileLauncher.json">
      <Filter>Source Files\TEST_FILES\Json\Objects\Projectile</Filter>
    </None>
    <None Include="ObjectFiles\gun.json">
      <Filter>Source Files\TEST_FILES\Json\Objects\Projectile</Filter>
    </None>
  </ItemGroup>
</Project>